
Microsoft Visual Studio Solution File, Format Version 12.00
# Visual Studio Version 16
VisualStudioVersion = 16.0.29001.49
MinimumVisualStudioVersion = 10.0.40219.1
Project("{FAE04EC0-301F-11D3-BF4B-00C04F79EFBC}") = "awsTranscriber", "awsTranscriber\awsTranscriber.csproj", "{0AC88DB0-D575-4EED-80FE-0478BC5D6C52}"
EndProject
Project("{FAE04EC0-301F-11D3-BF4B-00C04F79EFBC}") = "awsTest", "awsTest\awsTest.csproj", "{0A5AB2E3-0457-491A-AB2D-E7BAE005D319}"
EndProject
Global
	GlobalSection(SolutionConfigurationPlatforms) = preSolution
		Debug|Any CPU = Debug|Any CPU
		Release|Any CPU = Release|Any CPU
	EndGlobalSection
	GlobalSection(ProjectConfigurationPlatforms) = postSolution
		{0AC88DB0-D575-4EED-80FE-0478BC5D6C52}.Debug|Any CPU.ActiveCfg = Debug|Any CPU
		{0AC88DB0-D575-4EED-80FE-0478BC5D6C52}.Debug|Any CPU.Build.0 = Debug|Any CPU
		{0AC88DB0-D575-4EED-80FE-0478BC5D6C52}.Release|Any CPU.ActiveCfg = Release|Any CPU
		{0AC88DB0-D575-4EED-80FE-0478BC5D6C52}.Release|Any CPU.Build.0 = Release|Any CPU
		{0A5AB2E3-0457-491A-AB2D-E7BAE005D319}.Debug|Any CPU.ActiveCfg = Debug|Any CPU
		{0A5AB2E3-0457-491A-AB2D-E7BAE005D319}.Debug|Any CPU.Build.0 = Debug|Any CPU
		{0A5AB2E3-0457-491A-AB2D-E7BAE005D319}.Release|Any CPU.ActiveCfg = Release|Any CPU
		{0A5AB2E3-0457-491A-AB2D-E7BAE005D319}.Release|Any CPU.Build.0 = Release|Any CPU
	EndGlobalSection
	GlobalSection(SolutionProperties) = preSolution
		HideSolutionNode = FALSE
	EndGlobalSection
	GlobalSection(ExtensibilityGlobals) = postSolution
		SolutionGuid = {83494E02-3A20-4CF0-956F-CAB2ADAF620D}
	EndGlobalSection
EndGlobal
